NeoBundleLock FencView.vim 68ee7d8c9c11faedd068328f7bd797f94d060fd5
NeoBundleLock L9 c822b05ee0886f9a9703227dc85a6d47612c4bf1
NeoBundleLock Tagbar e777dbb9723399045e4e69e86592e33da1b14758
NeoBundleLock a.vim 97db34e7fe30004c6736d47f36781373f2373814
NeoBundleLock bufexplorer 2973dae8e275f3693bb10a29f0a9efbed8dc99cb
NeoBundleLock c.vim 69f0368c7d8dac196bd94ddfa80d98b1cedc7eb0
NeoBundleLock molokai db8ce13b3737d3ddea8368498183d7c204a762eb
NeoBundleLock mru.vim 9f25db66393a6467fae0ac04ae6565e8471023c3
NeoBundleLock neobundle.vim 4bbe0abb3f6c003f8fe79b92339c08f0acaaef49
NeoBundleLock neocomplete.vim 0a8a7e8a72a23459c2eda5116fe9b22b0dad7a3e
NeoBundleLock neomru.vim e72bef33c7f6af3d17c9968f9ac7bb2fda2a2bde
NeoBundleLock neosnippet e2c830db87e50e8cdb1128f3096664f68cb05cad
NeoBundleLock neosnippet-snippets 842622af4ce0e559ba64f4b991d0de8b9cade6af
NeoBundleLock nerdcommenter 6549cfde45339bd4f711504196ff3e8b766ef5e6
NeoBundleLock nerdtree af85499edace2acca27ce41790ac333f62b689bb
NeoBundleLock syntastic 5c6e78a2711aa5d04d116123d78684b620033c3d
NeoBundleLock unite.vim 662f83d3789ecf320ddcb04f7023def3a8167802
NeoBundleLock vim-airline 67de5f2257f8d5def7a31e3009d4298ce977cb80
NeoBundleLock vim-fugitive 21b6dd7aeec3e4bc96d7b32cd594b7818c0c4082
NeoBundleLock vimproc.vim c286dcbdfca9e0ee1a4cb90f09c3f03638112f5a
NeoBundleLock vimshell.vim 4939e10609c434becf6423b2f3876bb9c2be3464
